
Microsoft Visual Studio Solution File, Format Version 12.00
# Visual Studio Version 16
VisualStudioVersion = 16.0.29613.14
MinimumVisualStudioVersion = 10.0.40219.1
Project("{FAE04EC0-301F-11D3-BF4B-00C04F79EFBC}") = "MusicMarket.Api", "MusicMarket.Api\MusicMarket.Api.csproj", "{F7EAD1AB-0641-4C9B-ABB4-8CC96BDDF18F}"
EndProject
Project("{FAE04EC0-301F-11D3-BF4B-00C04F79EFBC}") = "MusicMarket.Core", "MusicMarket.Core\MusicMarket.Core.csproj", "{8C42FC34-11FC-4497-8552-BBB88CFE1EB8}"
EndProject
Project("{FAE04EC0-301F-11D3-BF4B-00C04F79EFBC}") = "MusicMarket.Services", "MusicMarket.Services\MusicMarket.Services.csproj", "{C280F59F-2164-46DB-8AAE-9D758224E771}"
EndProject
Project("{FAE04EC0-301F-11D3-BF4B-00C04F79EFBC}") = "MusicMarket.Data", "MusicMarket.Data\MusicMarket.Data.csproj", "{B9FABCCF-575E-40DC-8BA5-034EFC14BB1C}"
EndProject
Global
	GlobalSection(SolutionConfigurationPlatforms) = preSolution
		Debug|Any CPU = Debug|Any CPU
		Release|Any CPU = Release|Any CPU
	EndGlobalSection
	GlobalSection(ProjectConfigurationPlatforms) = postSolution
		{F7EAD1AB-0641-4C9B-ABB4-8CC96BDDF18F}.Debug|Any CPU.ActiveCfg = Debug|Any CPU
		{F7EAD1AB-0641-4C9B-ABB4-8CC96BDDF18F}.Debug|Any CPU.Build.0 = Debug|Any CPU
		{F7EAD1AB-0641-4C9B-ABB4-8CC96BDDF18F}.Release|Any CPU.ActiveCfg = Release|Any CPU
		{F7EAD1AB-0641-4C9B-ABB4-8CC96BDDF18F}.Release|Any CPU.Build.0 = Release|Any CPU
		{8C42FC34-11FC-4497-8552-BBB88CFE1EB8}.Debug|Any CPU.ActiveCfg = Debug|Any CPU
		{8C42FC34-11FC-4497-8552-BBB88CFE1EB8}.Debug|Any CPU.Build.0 = Debug|Any CPU
		{8C42FC34-11FC-4497-8552-BBB88CFE1EB8}.Release|Any CPU.ActiveCfg = Release|Any CPU
		{8C42FC34-11FC-4497-8552-BBB88CFE1EB8}.Release|Any CPU.Build.0 = Release|Any CPU
		{C280F59F-2164-46DB-8AAE-9D758224E771}.Debug|Any CPU.ActiveCfg = Debug|Any CPU
		{C280F59F-2164-46DB-8AAE-9D758224E771}.Debug|Any CPU.Build.0 = Debug|Any CPU
		{C280F59F-2164-46DB-8AAE-9D758224E771}.Release|Any CPU.ActiveCfg = Release|Any CPU
		{C280F59F-2164-46DB-8AAE-9D758224E771}.Release|Any CPU.Build.0 = Release|Any CPU
		{B9FABCCF-575E-40DC-8BA5-034EFC14BB1C}.Debug|Any CPU.ActiveCfg = Debug|Any CPU
		{B9FABCCF-575E-40DC-8BA5-034EFC14BB1C}.Debug|Any CPU.Build.0 = Debug|Any CPU
		{B9FABCCF-575E-40DC-8BA5-034EFC14BB1C}.Release|Any CPU.ActiveCfg = Release|Any CPU
		{B9FABCCF-575E-40DC-8BA5-034EFC14BB1C}.Release|Any CPU.Build.0 = Release|Any CPU
	EndGlobalSection
	GlobalSection(SolutionProperties) = preSolution
		HideSolutionNode = FALSE
	EndGlobalSection
	GlobalSection(ExtensibilityGlobals) = postSolution
		SolutionGuid = {80CF6C73-2FB8-4FE7-96D8-5551D0CE8E8B}
	EndGlobalSection
EndGlobal
